
Microsoft Visual Studio Solution File, Format Version 12.00
# Visual Studio Version 17
VisualStudioVersion = 17.14.37301.10 d17.14
MinimumVisualStudioVersion = 10.0.40219.1
Project("{FAE04EC0-301F-11D3-BF4B-00C04F79EFBC}") = "BOOM", "BOOM.csproj", "{638635DB-9FFE-4691-85A4-B9B82AD97A90}"
EndProject
Global
	GlobalSection(SolutionConfigurationPlatforms) = preSolution
		Debug|Any CPU = Debug|Any CPU
		Release|Any CPU = Release|Any CPU
	EndGlobalSection
	GlobalSection(ProjectConfigurationPlatforms) = postSolution
		{638635DB-9FFE-4691-85A4-B9B82AD97A90}.Debug|Any CPU.ActiveCfg = Debug|Any CPU
		{638635DB-9FFE-4691-85A4-B9B82AD97A90}.Debug|Any CPU.Build.0 = Debug|Any CPU
		{638635DB-9FFE-4691-85A4-B9B82AD97A90}.Release|Any CPU.ActiveCfg = Release|Any CPU
		{638635DB-9FFE-4691-85A4-B9B82AD97A90}.Release|Any CPU.Build.0 = Release|Any CPU
	EndGlobalSection
	GlobalSection(SolutionProperties) = preSolution
		HideSolutionNode = FALSE
	EndGlobalSection
	GlobalSection(ExtensibilityGlobals) = postSolution
		SolutionGuid = {3F76731E-FAE0-4353-9264-4AAD080F2688}
	EndGlobalSection
EndGlobal
